// !$*UTF8*$!
{
	archiveVersion = 1;
	classes = {
	};
	objectVersion = 55;
	objects = {

/* Begin PBXBuildFile section */
		39D33B8F8C772131E06EB3D6 /* Pods_Increment.framework in Frameworks */ = {isa = PBXBuildFile; fileRef = E9FEB57991DFBE172E707CBB /* Pods_Increment.framework */; };
		3A09938F2858D10D00D4A6B0 /* CreateView.swift in Sources */ = {isa = PBXBuildFile; fileRef = 3A09938E2858D10D00D4A6B0 /* CreateView.swift */; };
		3A0993912858D19000D4A6B0 /* DropdownView.swift in Sources */ = {isa = PBXBuildFile; fileRef = 3A0993902858D19000D4A6B0 /* DropdownView.swift */; };
		3A0993932858EA6400D4A6B0 /* RemindView.swift in Sources */ = {isa = PBXBuildFile; fileRef = 3A0993922858EA6400D4A6B0 /* RemindView.swift */; };
		3A33E8A2285636F9001FCE3C /* IncrementApp.swift in Sources */ = {isa = PBXBuildFile; fileRef = 3A33E8A1285636F9001FCE3C /* IncrementApp.swift */; };
		3A33E8A4285636F9001FCE3C /* LandingView.swift in Sources */ = {isa = PBXBuildFile; fileRef = 3A33E8A3285636F9001FCE3C /* LandingView.swift */; };
		3A33E8A6285636FB001FCE3C /* Assets.xcassets in Resources */ = {isa = PBXBuildFile; fileRef = 3A33E8A5285636FB001FCE3C /* Assets.xcassets */; };
		3A33E8A9285636FB001FCE3C /* Preview Assets.xcassets in Resources */ = {isa = PBXBuildFile; fileRef = 3A33E8A8285636FB001FCE3C /* Preview Assets.xcassets */; };
		3A33E8B3285636FC001FCE3C /* IncrementTests.swift in Sources */ = {isa = PBXBuildFile; fileRef = 3A33E8B2285636FC001FCE3C /* IncrementTests.swift */; };
		3A33E8BD285636FC001FCE3C /* IncrementUITests.swift in Sources */ = {isa = PBXBuildFile; fileRef = 3A33E8BC285636FC001FCE3C /* IncrementUITests.swift */; };
		3A33E8BF285636FC001FCE3C /* IncrementUITestsLaunchTests.swift in Sources */ = {isa = PBXBuildFile; fileRef = 3A33E8BE285636FC001FCE3C /* IncrementUITestsLaunchTests.swift */; };
		3A33E8CC28563D16001FCE3C /* PrimaryButtonStyle.swift in Sources */ = {isa = PBXBuildFile; fileRef = 3A33E8CB28563D16001FCE3C /* PrimaryButtonStyle.swift */; };
		3A33E8CE28563F1F001FCE3C /* Color+Extension.swift in Sources */ = {isa = PBXBuildFile; fileRef = 3A33E8CD28563F1F001FCE3C /* Color+Extension.swift */; };
		3AD987B5285A396900C9C2DC /* CreateChallengeViewModel.swift in Sources */ = {isa = PBXBuildFile; fileRef = 3AD987B4285A396900C9C2DC /* CreateChallengeViewModel.swift */; };
		3AD987B7285A3E8800C9C2DC /* DropdownItemProtocol.swift in Sources */ = {isa = PBXBuildFile; fileRef = 3AD987B6285A3E8800C9C2DC /* DropdownItemProtocol.swift */; };
		3AD987CB285E04E000C9C2DC /* GoogleService-Info.plist in Resources */ = {isa = PBXBuildFile; fileRef = 3AD987CA285E04E000C9C2DC /* GoogleService-Info.plist */; };
		3AD987CE285E0E1400C9C2DC /* UserService.swift in Sources */ = {isa = PBXBuildFile; fileRef = 3AD987CD285E0E1400C9C2DC /* UserService.swift */; };
		4D68548DFF742E7B2AC7A3A7 /* Pods_Increment_IncrementUITests.framework in Frameworks */ = {isa = PBXBuildFile; fileRef = CF23EDA4625A40BB1DB43DB3 /* Pods_Increment_IncrementUITests.framework */; };
		F1DDF5E15CC2F310009D1884 /* Pods_IncrementTests.framework in Frameworks */ = {isa = PBXBuildFile; fileRef = 95936C3AF501F2693D473A4B /* Pods_IncrementTests.framework */; };
/* End PBXBuildFile section */

/* Begin PBXContainerItemProxy section */
		3A33E8AF285636FC001FCE3C /* PBXContainerItemProxy */ = {
			isa = PBXContainerItemProxy;
			containerPortal = 3A33E896285636F9001FCE3C /* Project object */;
			proxyType = 1;
			remoteGlobalIDString = 3A33E89D285636F9001FCE3C;
			remoteInfo = Increment;
		};
		3A33E8B9285636FC001FCE3C /* PBXContainerItemProxy */ = {
			isa = PBXContainerItemProxy;
			containerPortal = 3A33E896285636F9001FCE3C /* Project object */;
			proxyType = 1;
			remoteGlobalIDString = 3A33E89D285636F9001FCE3C;
			remoteInfo = Increment;
		};
/* End PBXContainerItemProxy section */

/* Begin PBXFileReference section */
		1DFD07355F9621F8273D5088 /* Pods-IncrementTests.debug.xcconfig */ = {isa = PBXFileReference; includeInIndex = 1; lastKnownFileType = text.xcconfig; name = "Pods-IncrementTests.debug.xcconfig"; path = "Target Support Files/Pods-IncrementTests/Pods-IncrementTests.debug.xcconfig"; sourceTree = "<group>"; };
		36DE1332F4075BB407F06927 /* Pods-Increment.debug.xcconfig */ = {isa = PBXFileReference; includeInIndex = 1; lastKnownFileType = text.xcconfig; name = "Pods-Increment.debug.xcconfig"; path = "Target Support Files/Pods-Increment/Pods-Increment.debug.xcconfig"; sourceTree = "<group>"; };
		3A09938E2858D10D00D4A6B0 /* CreateView.swift */ = {isa = PBXFileReference; lastKnownFileType = sourcecode.swift; path = CreateView.swift; sourceTree = "<group>"; };
		3A0993902858D19000D4A6B0 /* DropdownView.swift */ = {isa = PBXFileReference; lastKnownFileType = sourcecode.swift; path = DropdownView.swift; sourceTree = "<group>"; };
		3A0993922858EA6400D4A6B0 /* RemindView.swift */ = {isa = PBXFileReference; lastKnownFileType = sourcecode.swift; path = RemindView.swift; sourceTree = "<group>"; };
		3A33E89E285636F9001FCE3C /* Increment.app */ = {isa = PBXFileReference; explicitFileType = wrapper.application; includeInIndex = 0; path = Increment.app; sourceTree = BUILT_PRODUCTS_DIR; };
		3A33E8A1285636F9001FCE3C /* IncrementApp.swift */ = {isa = PBXFileReference; lastKnownFileType = sourcecode.swift; path = IncrementApp.swift; sourceTree = "<group>"; };
		3A33E8A3285636F9001FCE3C /* LandingView.swift */ = {isa = PBXFileReference; lastKnownFileType = sourcecode.swift; path = LandingView.swift; sourceTree = "<group>"; };
		3A33E8A5285636FB001FCE3C /* Assets.xcassets */ = {isa = PBXFileReference; lastKnownFileType = folder.assetcatalog; path = Assets.xcassets; sourceTree = "<group>"; };
		3A33E8A8285636FB001FCE3C /* Preview Assets.xcassets */ = {isa = PBXFileReference; lastKnownFileType = folder.assetcatalog; path = "Preview Assets.xcassets"; sourceTree = "<group>"; };
		3A33E8AE285636FC001FCE3C /* IncrementTests.xctest */ = {isa = PBXFileReference; explicitFileType = wrapper.cfbundle; includeInIndex = 0; path = IncrementTests.xctest; sourceTree = BUILT_PRODUCTS_DIR; };
		3A33E8B2285636FC001FCE3C /* IncrementTests.swift */ = {isa = PBXFileReference; lastKnownFileType = sourcecode.swift; path = IncrementTests.swift; sourceTree = "<group>"; };
		3A33E8B8285636FC001FCE3C /* IncrementUITests.xctest */ = {isa = PBXFileReference; explicitFileType = wrapper.cfbundle; includeInIndex = 0; path = IncrementUITests.xctest; sourceTree = BUILT_PRODUCTS_DIR; };
		3A33E8BC285636FC001FCE3C /* IncrementUITests.swift */ = {isa = PBXFileReference; lastKnownFileType = sourcecode.swift; path = IncrementUITests.swift; sourceTree = "<group>"; };
		3A33E8BE285636FC001FCE3C /* IncrementUITestsLaunchTests.swift */ = {isa = PBXFileReference; lastKnownFileType = sourcecode.swift; path = IncrementUITestsLaunchTests.swift; sourceTree = "<group>"; };
		3A33E8CB28563D16001FCE3C /* PrimaryButtonStyle.swift */ = {isa = PBXFileReference; lastKnownFileType = sourcecode.swift; path = PrimaryButtonStyle.swift; sourceTree = "<group>"; };
		3A33E8CD28563F1F001FCE3C /* Color+Extension.swift */ = {isa = PBXFileReference; lastKnownFileType = sourcecode.swift; path = "Color+Extension.swift"; sourceTree = "<group>"; };
		3AD987B4285A396900C9C2DC /* CreateChallengeViewModel.swift */ = {isa = PBXFileReference; lastKnownFileType = sourcecode.swift; path = CreateChallengeViewModel.swift; sourceTree = "<group>"; };
		3AD987B6285A3E8800C9C2DC /* DropdownItemProtocol.swift */ = {isa = PBXFileReference; lastKnownFileType = sourcecode.swift; path = DropdownItemProtocol.swift; sourceTree = "<group>"; };
		3AD987CA285E04E000C9C2DC /* GoogleService-Info.plist */ = {isa = PBXFileReference; fileEncoding = 4; lastKnownFileType = text.plist.xml; path = "GoogleService-Info.plist"; sourceTree = "<group>"; };
		3AD987CD285E0E1400C9C2DC /* UserService.swift */ = {isa = PBXFileReference; lastKnownFileType = sourcecode.swift; path = UserService.swift; sourceTree = "<group>"; };
		5AC95695A1C752CBEB77A3CA /* Pods-Increment-IncrementUITests.release.xcconfig */ = {isa = PBXFileReference; includeInIndex = 1; lastKnownFileType = text.xcconfig; name = "Pods-Increment-IncrementUITests.release.xcconfig"; path = "Target Support Files/Pods-Increment-IncrementUITests/Pods-Increment-IncrementUITests.release.xcconfig"; sourceTree = "<group>"; };
		95936C3AF501F2693D473A4B /* Pods_IncrementTests.framework */ = {isa = PBXFileReference; explicitFileType = wrapper.framework; includeInIndex = 0; path = Pods_IncrementTests.framework; sourceTree = BUILT_PRODUCTS_DIR; };
		B901D3DBCF319D015CC49D81 /* Pods-Increment-IncrementUITests.debug.xcconfig */ = {isa = PBXFileReference; includeInIndex = 1; lastKnownFileType = text.xcconfig; name = "Pods-Increment-IncrementUITests.debug.xcconfig"; path = "Target Support Files/Pods-Increment-IncrementUITests/Pods-Increment-IncrementUITests.debug.xcconfig"; sourceTree = "<group>"; };
		C7B832FD5C7423033FD8DB1B /* Pods-Increment.release.xcconfig */ = {isa = PBXFileReference; includeInIndex = 1; lastKnownFileType = text.xcconfig; name = "Pods-Increment.release.xcconfig"; path = "Target Support Files/Pods-Increment/Pods-Increment.release.xcconfig"; sourceTree = "<group>"; };
		CF23EDA4625A40BB1DB43DB3 /* Pods_Increment_IncrementUITests.framework */ = {isa = PBXFileReference; explicitFileType = wrapper.framework; includeInIndex = 0; path = Pods_Increment_IncrementUITests.framework; sourceTree = BUILT_PRODUCTS_DIR; };
		E9FEB57991DFBE172E707CBB /* Pods_Increment.framework */ = {isa = PBXFileReference; explicitFileType = wrapper.framework; includeInIndex = 0; path = Pods_Increment.framework; sourceTree = BUILT_PRODUCTS_DIR; };
		F4E74791852F05B1D56F56CE /* Pods-IncrementTests.release.xcconfig */ = {isa = PBXFileReference; includeInIndex = 1; lastKnownFileType = text.xcconfig; name = "Pods-IncrementTests.release.xcconfig"; path = "Target Support Files/Pods-IncrementTests/Pods-IncrementTests.release.xcconfig"; sourceTree = "<group>"; };
/* End PBXFileReference section */

/* Begin PBXFrameworksBuildPhase section */
		3A33E89B285636F9001FCE3C /* Frameworks */ = {
			isa = PBXFrameworksBuildPhase;
			buildActionMask = 2147483647;
			files = (
				39D33B8F8C772131E06EB3D6 /* Pods_Increment.framework in Frameworks */,
			);
			runOnlyForDeploymentPostprocessing = 0;
		};
		3A33E8AB285636FC001FCE3C /* Frameworks */ = {
			isa = PBXFrameworksBuildPhase;
			buildActionMask = 2147483647;
			files = (
				F1DDF5E15CC2F310009D1884 /* Pods_IncrementTests.framework in Frameworks */,
			);
			runOnlyForDeploymentPostprocessing = 0;
		};
		3A33E8B5285636FC001FCE3C /* Frameworks */ = {
			isa = PBXFrameworksBuildPhase;
			buildActionMask = 2147483647;
			files = (
				4D68548DFF742E7B2AC7A3A7 /* Pods_Increment_IncrementUITests.framework in Frameworks */,
			);
			runOnlyForDeploymentPostprocessing = 0;
		};
/* End PBXFrameworksBuildPhase section */

/* Begin PBXGroup section */
		3A33E895285636F9001FCE3C = {
			isa = PBXGroup;
			children = (
				3A33E8A0285636F9001FCE3C /* Increment */,
				3A33E8B1285636FC001FCE3C /* IncrementTests */,
				3A33E8BB285636FC001FCE3C /* IncrementUITests */,
				3A33E89F285636F9001FCE3C /* Products */,
				3FF7BC4274BA34DC8DAA0E69 /* Pods */,
				97E3EAD01729E19A57419A1F /* Frameworks */,
			);
			sourceTree = "<group>";
		};
		3A33E89F285636F9001FCE3C /* Products */ = {
			isa = PBXGroup;
			children = (
				3A33E89E285636F9001FCE3C /* Increment.app */,
				3A33E8AE285636FC001FCE3C /* IncrementTests.xctest */,
				3A33E8B8285636FC001FCE3C /* IncrementUITests.xctest */,
			);
			name = Products;
			sourceTree = "<group>";
		};
		3A33E8A0285636F9001FCE3C /* Increment */ = {
			isa = PBXGroup;
			children = (
				3AD987CC285E0DF000C9C2DC /* Services */,
				3AD987CA285E04E000C9C2DC /* GoogleService-Info.plist */,
				3AD987B3285A394800C9C2DC /* ViewModels */,
				3A33E8A1285636F9001FCE3C /* IncrementApp.swift */,
				3A33E8A3285636F9001FCE3C /* LandingView.swift */,
				3A33E8A5285636FB001FCE3C /* Assets.xcassets */,
				3A33E8A7285636FB001FCE3C /* Preview Content */,
				3A33E8CB28563D16001FCE3C /* PrimaryButtonStyle.swift */,
				3A33E8CD28563F1F001FCE3C /* Color+Extension.swift */,
				3A09938E2858D10D00D4A6B0 /* CreateView.swift */,
				3A0993902858D19000D4A6B0 /* DropdownView.swift */,
				3A0993922858EA6400D4A6B0 /* RemindView.swift */,
			);
			path = Increment;
			sourceTree = "<group>";
		};
		3A33E8A7285636FB001FCE3C /* Preview Content */ = {
			isa = PBXGroup;
			children = (
				3A33E8A8285636FB001FCE3C /* Preview Assets.xcassets */,
			);
			path = "Preview Content";
			sourceTree = "<group>";
		};
		3A33E8B1285636FC001FCE3C /* IncrementTests */ = {
			isa = PBXGroup;
			children = (
				3A33E8B2285636FC001FCE3C /* IncrementTests.swift */,
			);
			path = IncrementTests;
			sourceTree = "<group>";
		};
		3A33E8BB285636FC001FCE3C /* IncrementUITests */ = {
			isa = PBXGroup;
			children = (
				3A33E8BC285636FC001FCE3C /* IncrementUITests.swift */,
				3A33E8BE285636FC001FCE3C /* IncrementUITestsLaunchTests.swift */,
			);
			path = IncrementUITests;
			sourceTree = "<group>";
		};
		3AD987B3285A394800C9C2DC /* ViewModels */ = {
			isa = PBXGroup;
			children = (
				3AD987B4285A396900C9C2DC /* CreateChallengeViewModel.swift */,
				3AD987B6285A3E8800C9C2DC /* DropdownItemProtocol.swift */,
			);
			path = ViewModels;
			sourceTree = "<group>";
		};
		3AD987CC285E0DF000C9C2DC /* Services */ = {
			isa = PBXGroup;
			children = (
				3AD987CD285E0E1400C9C2DC /* UserService.swift */,
			);
			path = Services;
			sourceTree = "<group>";
		};
		3FF7BC4274BA34DC8DAA0E69 /* Pods */ = {
			isa = PBXGroup;
			children = (
				36DE1332F4075BB407F06927 /* Pods-Increment.debug.xcconfig */,
				C7B832FD5C7423033FD8DB1B /* Pods-Increment.release.xcconfig */,
				B901D3DBCF319D015CC49D81 /* Pods-Increment-IncrementUITests.debug.xcconfig */,
				5AC95695A1C752CBEB77A3CA /* Pods-Increment-IncrementUITests.release.xcconfig */,
				1DFD07355F9621F8273D5088 /* Pods-IncrementTests.debug.xcconfig */,
				F4E74791852F05B1D56F56CE /* Pods-IncrementTests.release.xcconfig */,
			);
			path = Pods;
			sourceTree = "<group>";
		};
		97E3EAD01729E19A57419A1F /* Frameworks */ = {
			isa = PBXGroup;
			children = (
				E9FEB57991DFBE172E707CBB /* Pods_Increment.framework */,
				CF23EDA4625A40BB1DB43DB3 /* Pods_Increment_IncrementUITests.framework */,
				95936C3AF501F2693D473A4B /* Pods_IncrementTests.framework */,
			);
			name = Frameworks;
			sourceTree = "<group>";
		};
/* End PBXGroup section */

/* Begin PBXNativeTarget section */
		3A33E89D285636F9001FCE3C /* Increment */ = {
			isa = PBXNativeTarget;
			buildConfigurationList = 3A33E8C2285636FC001FCE3C /* Build configuration list for PBXNativeTarget "Increment" */;
			buildPhases = (
				51D09C6AA23ED5308AB47650 /* [CP] Check Pods Manifest.lock */,
				3A33E89A285636F9001FCE3C /* Sources */,
				3A33E89B285636F9001FCE3C /* Frameworks */,
				3A33E89C285636F9001FCE3C /* Resources */,
				9E8A97F1C85AB62764CF3A59 /* [CP] Embed Pods Frameworks */,
			);
			buildRules = (
			);
			dependencies = (
			);
			name = Increment;
			productName = Increment;
			productReference = 3A33E89E285636F9001FCE3C /* Increment.app */;
			productType = "com.apple.product-type.application";
		};
		3A33E8AD285636FC001FCE3C /* IncrementTests */ = {
			isa = PBXNativeTarget;
			buildConfigurationList = 3A33E8C5285636FC001FCE3C /* Build configuration list for PBXNativeTarget "IncrementTests" */;
			buildPhases = (
				DEC4ADE7F306BB12943E5BEC /* [CP] Check Pods Manifest.lock */,
				3A33E8AA285636FC001FCE3C /* Sources */,
				3A33E8AB285636FC001FCE3C /* Frameworks */,
				3A33E8AC285636FC001FCE3C /* Resources */,
			);
			buildRules = (
			);
			dependencies = (
				3A33E8B0285636FC001FCE3C /* PBXTargetDependency */,
			);
			name = IncrementTests;
			productName = IncrementTests;
			productReference = 3A33E8AE285636FC001FCE3C /* IncrementTests.xctest */;
			productType = "com.apple.product-type.bundle.unit-test";
		};
		3A33E8B7285636FC001FCE3C /* IncrementUITests */ = {
			isa = PBXNativeTarget;
			buildConfigurationList = 3A33E8C8285636FC001FCE3C /* Build configuration list for PBXNativeTarget "IncrementUITests" */;
			buildPhases = (
				12DAAAA6334FEFC159B9B6C0 /* [CP] Check Pods Manifest.lock */,
				3A33E8B4285636FC001FCE3C /* Sources */,
				3A33E8B5285636FC001FCE3C /* Frameworks */,
				3A33E8B6285636FC001FCE3C /* Resources */,
				B79EE4DF55AA2C233F2D210F /* [CP] Embed Pods Frameworks */,
			);
			buildRules = (
			);
			dependencies = (
				3A33E8BA285636FC001FCE3C /* PBXTargetDependency */,
			);
			name = IncrementUITests;
			productName = IncrementUITests;
			productReference = 3A33E8B8285636FC001FCE3C /* IncrementUITests.xctest */;
			productType = "com.apple.product-type.bundle.ui-testing";
		};
/* End PBXNativeTarget section */

/* Begin PBXProject section */
		3A33E896285636F9001FCE3C /* Project object */ = {
			isa = PBXProject;
			attributes = {
				BuildIndependentTargetsInParallel = 1;
				LastSwiftUpdateCheck = 1340;
				LastUpgradeCheck = 1340;
				TargetAttributes = {
					3A33E89D285636F9001FCE3C = {
						CreatedOnToolsVersion = 13.4.1;
					};
					3A33E8AD285636FC001FCE3C = {
						CreatedOnToolsVersion = 13.4.1;
						TestTargetID = 3A33E89D285636F9001FCE3C;
					};
					3A33E8B7285636FC001FCE3C = {
						CreatedOnToolsVersion = 13.4.1;
						TestTargetID = 3A33E89D285636F9001FCE3C;
					};
				};
			};
			buildConfigurationList = 3A33E899285636F9001FCE3C /* Build configuration list for PBXProject "Increment" */;
			compatibilityVersion = "Xcode 13.0";
			developmentRegion = en;
			hasScannedForEncodings = 0;
			knownRegions = (
				en,
				Base,
			);
			mainGroup = 3A33E895285636F9001FCE3C;
			productRefGroup = 3A33E89F285636F9001FCE3C /* Products */;
			projectDirPath = "";
			projectRoot = "";
			targets = (
				3A33E89D285636F9001FCE3C /* Increment */,
				3A33E8AD285636FC001FCE3C /* IncrementTests */,
				3A33E8B7285636FC001FCE3C /* IncrementUITests */,
			);
		};
/* End PBXProject section */

/* Begin PBXResourcesBuildPhase section */
		3A33E89C285636F9001FCE3C /* Resources */ = {
			isa = PBXResourcesBuildPhase;
			buildActionMask = 2147483647;
			files = (
				3A33E8A9285636FB001FCE3C /* Preview Assets.xcassets in Resources */,
				3A33E8A6285636FB001FCE3C /* Assets.xcassets in Resources */,
				3AD987CB285E04E000C9C2DC /* GoogleService-Info.plist in Resources */,
			);
			runOnlyForDeploymentPostprocessing = 0;
		};
		3A33E8AC285636FC001FCE3C /* Resources */ = {
			isa = PBXResourcesBuildPhase;
			buildActionMask = 2147483647;
			files = (
			);
			runOnlyForDeploymentPostprocessing = 0;
		};
		3A33E8B6285636FC001FCE3C /* Resources */ = {
			isa = PBXResourcesBuildPhase;
			buildActionMask = 2147483647;
			files = (
			);
			runOnlyForDeploymentPostprocessing = 0;
		};
/* End PBXResourcesBuildPhase section */

/* Begin PBXShellScriptBuildPhase section */
		12DAAAA6334FEFC159B9B6C0 /* [CP] Check Pods Manifest.lock */ = {
			isa = PBXShellScriptBuildPhase;
			buildActionMask = 2147483647;
			files = (
			);
			inputFileListPaths = (
			);
			inputPaths = (
				"${PODS_PODFILE_DIR_PATH}/Podfile.lock",
				"${PODS_ROOT}/Manifest.lock",
			);
			name = "[CP] Check Pods Manifest.lock";
			outputFileListPaths = (
			);
			outputPaths = (
				"$(DERIVED_FILE_DIR)/Pods-Increment-IncrementUITests-checkManifestLockResult.txt",
			);
			runOnlyForDeploymentPostprocessing = 0;
			shellPath = /bin/sh;
			shellScript = "diff \"${PODS_PODFILE_DIR_PATH}/Podfile.lock\" \"${PODS_ROOT}/Manifest.lock\" > /dev/null\nif [ $? != 0 ] ; then\n    # print error to STDERR\n    echo \"error: The sandbox is not in sync with the Podfile.lock. Run 'pod install' or update your CocoaPods installation.\" >&2\n    exit 1\nfi\n# This output is used by Xcode 'outputs' to avoid re-running this script phase.\necho \"SUCCESS\" > \"${SCRIPT_OUTPUT_FILE_0}\"\n";
			showEnvVarsInLog = 0;
		};
		51D09C6AA23ED5308AB47650 /* [CP] Check Pods Manifest.lock */ = {
			isa = PBXShellScriptBuildPhase;
			buildActionMask = 2147483647;
			files = (
			);
			inputFileListPaths = (
			);
			inputPaths = (
				"${PODS_PODFILE_DIR_PATH}/Podfile.lock",
				"${PODS_ROOT}/Manifest.lock",
			);
			name = "[CP] Check Pods Manifest.lock";
			outputFileListPaths = (
			);
			outputPaths = (
				"$(DERIVED_FILE_DIR)/Pods-Increment-checkManifestLockResult.txt",
			);
			runOnlyForDeploymentPostprocessing = 0;
			shellPath = /bin/sh;
			shellScript = "diff \"${PODS_PODFILE_DIR_PATH}/Podfile.lock\" \"${PODS_ROOT}/Manifest.lock\" > /dev/null\nif [ $? != 0 ] ; then\n    # print error to STDERR\n    echo \"error: The sandbox is not in sync with the Podfile.lock. Run 'pod install' or update your CocoaPods installation.\" >&2\n    exit 1\nfi\n# This output is used by Xcode 'outputs' to avoid re-running this script phase.\necho \"SUCCESS\" > \"${SCRIPT_OUTPUT_FILE_0}\"\n";
			showEnvVarsInLog = 0;
		};
		9E8A97F1C85AB62764CF3A59 /* [CP] Embed Pods Frameworks */ = {
			isa = PBXShellScriptBuildPhase;
			buildActionMask = 2147483647;
			files = (
			);
			inputFileListPaths = (
				"${PODS_ROOT}/Target Support Files/Pods-Increment/Pods-Increment-frameworks-${CONFIGURATION}-input-files.xcfilelist",
			);
			name = "[CP] Embed Pods Frameworks";
			outputFileListPaths = (
				"${PODS_ROOT}/Target Support Files/Pods-Increment/Pods-Increment-frameworks-${CONFIGURATION}-output-files.xcfilelist",
			);
			runOnlyForDeploymentPostprocessing = 0;
			shellPath = /bin/sh;
			shellScript = "\"${PODS_ROOT}/Target Support Files/Pods-Increment/Pods-Increment-frameworks.sh\"\n";
			showEnvVarsInLog = 0;
		};
		B79EE4DF55AA2C233F2D210F /* [CP] Embed Pods Frameworks */ = {
			isa = PBXShellScriptBuildPhase;
			buildActionMask = 2147483647;
			files = (
			);
			inputFileListPaths = (
				"${PODS_ROOT}/Target Support Files/Pods-Increment-IncrementUITests/Pods-Increment-IncrementUITests-frameworks-${CONFIGURATION}-input-files.xcfilelist",
			);
			name = "[CP] Embed Pods Frameworks";
			outputFileListPaths = (
				"${PODS_ROOT}/Target Support Files/Pods-Increment-IncrementUITests/Pods-Increment-IncrementUITests-frameworks-${CONFIGURATION}-output-files.xcfilelist",
			);
			runOnlyForDeploymentPostprocessing = 0;
			shellPath = /bin/sh;
			shellScript = "\"${PODS_ROOT}/Target Support Files/Pods-Increment-IncrementUITests/Pods-Increment-IncrementUITests-frameworks.sh\"\n";
			showEnvVarsInLog = 0;
		};
		DEC4ADE7F306BB12943E5BEC /* [CP] Check Pods Manifest.lock */ = {
			isa = PBXShellScriptBuildPhase;
			buildActionMask = 2147483647;
			files = (
			);
			inputFileListPaths = (
			);
			inputPaths = (
				"${PODS_PODFILE_DIR_PATH}/Podfile.lock",
				"${PODS_ROOT}/Manifest.lock",
			);
			name = "[CP] Check Pods Manifest.lock";
			outputFileListPaths = (
			);
			outputPaths = (
				"$(DERIVED_FILE_DIR)/Pods-IncrementTests-checkManifestLockResult.txt",
			);
			runOnlyForDeploymentPostprocessing = 0;
			shellPath = /bin/sh;
			shellScript = "diff \"${PODS_PODFILE_DIR_PATH}/Podfile.lock\" \"${PODS_ROOT}/Manifest.lock\" > /dev/null\nif [ $? != 0 ] ; then\n    # print error to STDERR\n    echo \"error: The sandbox is not in sync with the Podfile.lock. Run 'pod install' or update your CocoaPods installation.\" >&2\n    exit 1\nfi\n# This output is used by Xcode 'outputs' to avoid re-running this script phase.\necho \"SUCCESS\" > \"${SCRIPT_OUTPUT_FILE_0}\"\n";
			showEnvVarsInLog = 0;
		};
/* End PBXShellScriptBuildPhase section */

/* Begin PBXSourcesBuildPhase section */
		3A33E89A285636F9001FCE3C /* Sources */ = {
			isa = PBXSourcesBuildPhase;
			buildActionMask = 2147483647;
			files = (
				3A33E8CC28563D16001FCE3C /* PrimaryButtonStyle.swift in Sources */,
				3A33E8A4285636F9001FCE3C /* LandingView.swift in Sources */,
				3A33E8A2285636F9001FCE3C /* IncrementApp.swift in Sources */,
				3AD987B7285A3E8800C9C2DC /* DropdownItemProtocol.swift in Sources */,
				3A33E8CE28563F1F001FCE3C /* Color+Extension.swift in Sources */,
				3AD987B5285A396900C9C2DC /* CreateChallengeViewModel.swift in Sources */,
				3AD987CE285E0E1400C9C2DC /* UserService.swift in Sources */,
				3A0993932858EA6400D4A6B0 /* RemindView.swift in Sources */,
				3A09938F2858D10D00D4A6B0 /* CreateView.swift in Sources */,
				3A0993912858D19000D4A6B0 /* DropdownView.swift in Sources */,
			);
			runOnlyForDeploymentPostprocessing = 0;
		};
		3A33E8AA285636FC001FCE3C /* Sources */ = {
			isa = PBXSourcesBuildPhase;
			buildActionMask = 2147483647;
			files = (
				3A33E8B3285636FC001FCE3C /* IncrementTests.swift in Sources */,
			);
			runOnlyForDeploymentPostprocessing = 0;
		};
		3A33E8B4285636FC001FCE3C /* Sources */ = {
			isa = PBXSourcesBuildPhase;
			buildActionMask = 2147483647;
			files = (
				3A33E8BF285636FC001FCE3C /* IncrementUITestsLaunchTests.swift in Sources */,
				3A33E8BD285636FC001FCE3C /* IncrementUITests.swift in Sources */,
			);
			runOnlyForDeploymentPostprocessing = 0;
		};
/* End PBXSourcesBuildPhase section */

/* Begin PBXTargetDependency section */
		3A33E8B0285636FC001FCE3C /* PBXTargetDependency */ = {
			isa = PBXTargetDependency;
			target = 3A33E89D285636F9001FCE3C /* Increment */;
			targetProxy = 3A33E8AF285636FC001FCE3C /* PBXContainerItemProxy */;
		};
		3A33E8BA285636FC001FCE3C /* PBXTargetDependency */ = {
			isa = PBXTargetDependency;
			target = 3A33E89D285636F9001FCE3C /* Increment */;
			targetProxy = 3A33E8B9285636FC001FCE3C /* PBXContainerItemProxy */;
		};
/* End PBXTargetDependency section */

/* Begin XCBuildConfiguration section */
		3A33E8C0285636FC001FCE3C /* Debug */ = {
			isa = XCBuildConfiguration;
			buildSettings = {
				ALWAYS_SEARCH_USER_PATHS = NO;
				CLANG_ANALYZER_NONNULL = YES;
				CLANG_ANALYZER_NUMBER_OBJECT_CONVERSION = YES_AGGRESSIVE;
				CLANG_CXX_LANGUAGE_STANDARD = "gnu++17";
				CLANG_ENABLE_MODULES = YES;
				CLANG_ENABLE_OBJC_ARC = YES;
				CLANG_ENABLE_OBJC_WEAK = YES;
				CLANG_WARN_BLOCK_CAPTURE_AUTORELEASING = YES;
				CLANG_WARN_BOOL_CONVERSION = YES;
				CLANG_WARN_COMMA = YES;
				CLANG_WARN_CONSTANT_CONVERSION = YES;
				CLANG_WARN_DEPRECATED_OBJC_IMPLEMENTATIONS = YES;
				CLANG_WARN_DIRECT_OBJC_ISA_USAGE = YES_ERROR;
				CLANG_WARN_DOCUMENTATION_COMMENTS = YES;
				CLANG_WARN_EMPTY_BODY = YES;
				CLANG_WARN_ENUM_CONVERSION = YES;
				CLANG_WARN_INFINITE_RECURSION = YES;
				CLANG_WARN_INT_CONVERSION = YES;
				CLANG_WARN_NON_LITERAL_NULL_CONVERSION = YES;
				CLANG_WARN_OBJC_IMPLICIT_RETAIN_SELF = YES;
				CLANG_WARN_OBJC_LITERAL_CONVERSION = YES;
				CLANG_WARN_OBJC_ROOT_CLASS = YES_ERROR;
				CLANG_WARN_QUOTED_INCLUDE_IN_FRAMEWORK_HEADER = YES;
				CLANG_WARN_RANGE_LOOP_ANALYSIS = YES;
				CLANG_WARN_STRICT_PROTOTYPES = YES;
				CLANG_WARN_SUSPICIOUS_MOVE = YES;
				CLANG_WARN_UNGUARDED_AVAILABILITY = YES_AGGRESSIVE;
				CLANG_WARN_UNREACHABLE_CODE = YES;
				CLANG_WARN__DUPLICATE_METHOD_MATCH = YES;
				COPY_PHASE_STRIP = NO;
				DEBUG_INFORMATION_FORMAT = dwarf;
				ENABLE_STRICT_OBJC_MSGSEND = YES;
				ENABLE_TESTABILITY = YES;
				GCC_C_LANGUAGE_STANDARD = gnu11;
				GCC_DYNAMIC_NO_PIC = NO;
				GCC_NO_COMMON_BLOCKS = YES;
				GCC_OPTIMIZATION_LEVEL = 0;
				GCC_PREPROCESSOR_DEFINITIONS = (
					"DEBUG=1",
					"$(inherited)",
				);
				GCC_WARN_64_TO_32_BIT_CONVERSION = YES;
				GCC_WARN_ABOUT_RETURN_TYPE = YES_ERROR;
				GCC_WARN_UNDECLARED_SELECTOR = YES;
				GCC_WARN_UNINITIALIZED_AUTOS = YES_AGGRESSIVE;
				GCC_WARN_UNUSED_FUNCTION = YES;
				GCC_WARN_UNUSED_VARIABLE = YES;
				IPHONEOS_DEPLOYMENT_TARGET = 15.5;
				MTL_ENABLE_DEBUG_INFO = INCLUDE_SOURCE;
				MTL_FAST_MATH = YES;
				ONLY_ACTIVE_ARCH = YES;
				SDKROOT = iphoneos;
				SWIFT_ACTIVE_COMPILATION_CONDITIONS = DEBUG;
				SWIFT_OPTIMIZATION_LEVEL = "-Onone";
			};
			name = Debug;
		};
		3A33E8C1285636FC001FCE3C /* Release */ = {
			isa = XCBuildConfiguration;
			buildSettings = {
				ALWAYS_SEARCH_USER_PATHS = NO;
				CLANG_ANALYZER_NONNULL = YES;
				CLANG_ANALYZER_NUMBER_OBJECT_CONVERSION = YES_AGGRESSIVE;
				CLANG_CXX_LANGUAGE_STANDARD = "gnu++17";
				CLANG_ENABLE_MODULES = YES;
				CLANG_ENABLE_OBJC_ARC = YES;
				CLANG_ENABLE_OBJC_WEAK = YES;
				CLANG_WARN_BLOCK_CAPTURE_AUTORELEASING = YES;
				CLANG_WARN_BOOL_CONVERSION = YES;
				CLANG_WARN_COMMA = YES;
				CLANG_WARN_CONSTANT_CONVERSION = YES;
				CLANG_WARN_DEPRECATED_OBJC_IMPLEMENTATIONS = YES;
				CLANG_WARN_DIRECT_OBJC_ISA_USAGE = YES_ERROR;
				CLANG_WARN_DOCUMENTATION_COMMENTS = YES;
				CLANG_WARN_EMPTY_BODY = YES;
				CLANG_WARN_ENUM_CONVERSION = YES;
				CLANG_WARN_INFINITE_RECURSION = YES;
				CLANG_WARN_INT_CONVERSION = YES;
				CLANG_WARN_NON_LITERAL_NULL_CONVERSION = YES;
				CLANG_WARN_OBJC_IMPLICIT_RETAIN_SELF = YES;
				CLANG_WARN_OBJC_LITERAL_CONVERSION = YES;
				CLANG_WARN_OBJC_ROOT_CLASS = YES_ERROR;
				CLANG_WARN_QUOTED_INCLUDE_IN_FRAMEWORK_HEADER = YES;
				CLANG_WARN_RANGE_LOOP_ANALYSIS = YES;
				CLANG_WARN_STRICT_PROTOTYPES = YES;
				CLANG_WARN_SUSPICIOUS_MOVE = YES;
				CLANG_WARN_UNGUARDED_AVAILABILITY = YES_AGGRESSIVE;
				CLANG_WARN_UNREACHABLE_CODE = YES;
				CLANG_WARN__DUPLICATE_METHOD_MATCH = YES;
				COPY_PHASE_STRIP = NO;
				DEBUG_INFORMATION_FORMAT = "dwarf-with-dsym";
				ENABLE_NS_ASSERTIONS = NO;
				ENABLE_STRICT_OBJC_MSGSEND = YES;
				GCC_C_LANGUAGE_STANDARD = gnu11;
				GCC_NO_COMMON_BLOCKS = YES;
				GCC_WARN_64_TO_32_BIT_CONVERSION = YES;
				GCC_WARN_ABOUT_RETURN_TYPE = YES_ERROR;
				GCC_WARN_UNDECLARED_SELECTOR = YES;
				GCC_WARN_UNINITIALIZED_AUTOS = YES_AGGRESSIVE;
				GCC_WARN_UNUSED_FUNCTION = YES;
				GCC_WARN_UNUSED_VARIABLE = YES;
				IPHONEOS_DEPLOYMENT_TARGET = 15.5;
				MTL_ENABLE_DEBUG_INFO = NO;
				MTL_FAST_MATH = YES;
				SDKROOT = iphoneos;
				SWIFT_COMPILATION_MODE = wholemodule;
				SWIFT_OPTIMIZATION_LEVEL = "-O";
				VALIDATE_PRODUCT = YES;
			};
			name = Release;
		};
		3A33E8C3285636FC001FCE3C /* Debug */ = {
			isa = XCBuildConfiguration;
			baseConfigurationReference = 36DE1332F4075BB407F06927 /* Pods-Increment.debug.xcconfig */;
			buildSettings = {
				ASSETCATALOG_COMPILER_APPICON_NAME = AppIcon;
				ASSETCATALOG_COMPILER_GLOBAL_ACCENT_COLOR_NAME = AccentColor;
				CODE_SIGN_STYLE = Automatic;
				CURRENT_PROJECT_VERSION = 1;
				DEVELOPMENT_ASSET_PATHS = "\"Increment/Preview Content\"";
				DEVELOPMENT_TEAM = TTJ8ACNPDZ;
				ENABLE_PREVIEWS = YES;
				GENERATE_INFOPLIST_FILE = YES;
				INFOPLIST_KEY_UIApplicationSceneManifest_Generation = YES;
				INFOPLIST_KEY_UIApplicationSupportsIndirectInputEvents = YES;
				INFOPLIST_KEY_UILaunchScreen_Generation = YES;
				INFOPLIST_KEY_UISupportedInterfaceOrientations_iPad = "UIInterfaceOrientationPortrait UIInterfaceOrientationPortraitUpsideDown UIInterfaceOrientationLandscapeLeft UIInterfaceOrientationLandscapeRight";
				INFOPLIST_KEY_UISupportedInterfaceOrientations_iPhone = "UIInterfaceOrientationPortrait UIInterfaceOrientationLandscapeLeft UIInterfaceOrientationLandscapeRight";
				LD_RUNPATH_SEARCH_PATHS = (
					"$(inherited)",
					"@executable_path/Frameworks",
				);
				MARKETING_VERSION = 1.0;
				PRODUCT_BUNDLE_IDENTIFIER = Taewoo.Increment;
				PRODUCT_NAME = "$(TARGET_NAME)";
				SWIFT_EMIT_LOC_STRINGS = YES;
				SWIFT_VERSION = 5.0;
				TARGETED_DEVICE_FAMILY = "1,2";
			};
			name = Debug;
		};
		3A33E8C4285636FC001FCE3C /* Release */ = {
			isa = XCBuildConfiguration;
			baseConfigurationReference = C7B832FD5C7423033FD8DB1B /* Pods-Increment.release.xcconfig */;
			buildSettings = {
				ASSETCATALOG_COMPILER_APPICON_NAME = AppIcon;
				ASSETCATALOG_COMPILER_GLOBAL_ACCENT_COLOR_NAME = AccentColor;
				CODE_SIGN_STYLE = Automatic;
				CURRENT_PROJECT_VERSION = 1;
				DEVELOPMENT_ASSET_PATHS = "\"Increment/Preview Content\"";
				DEVELOPMENT_TEAM = TTJ8ACNPDZ;
				ENABLE_PREVIEWS = YES;
				GENERATE_INFOPLIST_FILE = YES;
				INFOPLIST_KEY_UIApplicationSceneManifest_Generation = YES;
				INFOPLIST_KEY_UIApplicationSupportsIndirectInputEvents = YES;
				INFOPLIST_KEY_UILaunchScreen_Generation = YES;
				INFOPLIST_KEY_UISupportedInterfaceOrientations_iPad = "UIInterfaceOrientationPortrait UIInterfaceOrientationPortraitUpsideDown UIInterfaceOrientationLandscapeLeft UIInterfaceOrientationLandscapeRight";
				INFOPLIST_KEY_UISupportedInterfaceOrientations_iPhone = "UIInterfaceOrientationPortrait UIInterfaceOrientationLandscapeLeft UIInterfaceOrientationLandscapeRight";
				LD_RUNPATH_SEARCH_PATHS = (
					"$(inherited)",
					"@executable_path/Frameworks",
				);
				MARKETING_VERSION = 1.0;
				PRODUCT_BUNDLE_IDENTIFIER = Taewoo.Increment;
				PRODUCT_NAME = "$(TARGET_NAME)";
				SWIFT_EMIT_LOC_STRINGS = YES;
				SWIFT_VERSION = 5.0;
				TARGETED_DEVICE_FAMILY = "1,2";
			};
			name = Release;
		};
		3A33E8C6285636FC001FCE3C /* Debug */ = {
			isa = XCBuildConfiguration;
			baseConfigurationReference = 1DFD07355F9621F8273D5088 /* Pods-IncrementTests.debug.xcconfig */;
			buildSettings = {
				ALWAYS_EMBED_SWIFT_STANDARD_LIBRARIES = YES;
				BUNDLE_LOADER = "$(TEST_HOST)";
				CODE_SIGN_STYLE = Automatic;
				CURRENT_PROJECT_VERSION = 1;
				DEVELOPMENT_TEAM = TTJ8ACNPDZ;
				GENERATE_INFOPLIST_FILE = YES;
				IPHONEOS_DEPLOYMENT_TARGET = 15.5;
				MARKETING_VERSION = 1.0;
				PRODUCT_BUNDLE_IDENTIFIER = Taewoo.IncrementTests;
				PRODUCT_NAME = "$(TARGET_NAME)";
				SWIFT_EMIT_LOC_STRINGS = NO;
				SWIFT_VERSION = 5.0;
				TARGETED_DEVICE_FAMILY = "1,2";
				TEST_HOST = "$(BUILT_PRODUCTS_DIR)/Increment.app/Increment";
			};
			name = Debug;
		};
		3A33E8C7285636FC001FCE3C /* Release */ = {
			isa = XCBuildConfiguration;
			baseConfigurationReference = F4E74791852F05B1D56F56CE /* Pods-IncrementTests.release.xcconfig */;
			buildSettings = {
				ALWAYS_EMBED_SWIFT_STANDARD_LIBRARIES = YES;
				BUNDLE_LOADER = "$(TEST_HOST)";
				CODE_SIGN_STYLE = Automatic;
				CURRENT_PROJECT_VERSION = 1;
				DEVELOPMENT_TEAM = TTJ8ACNPDZ;
				GENERATE_INFOPLIST_FILE = YES;
				IPHONEOS_DEPLOYMENT_TARGET = 15.5;
				MARKETING_VERSION = 1.0;
				PRODUCT_BUNDLE_IDENTIFIER = Taewoo.IncrementTests;
				PRODUCT_NAME = "$(TARGET_NAME)";
				SWIFT_EMIT_LOC_STRINGS = NO;
				SWIFT_VERSION = 5.0;
				TARGETED_DEVICE_FAMILY = "1,2";
				TEST_HOST = "$(BUILT_PRODUCTS_DIR)/Increment.app/Increment";
			};
			name = Release;
		};
		3A33E8C9285636FC001FCE3C /* Debug */ = {
			isa = XCBuildConfiguration;
			baseConfigurationReference = B901D3DBCF319D015CC49D81 /* Pods-Increment-IncrementUITests.debug.xcconfig */;
			buildSettings = {
				ALWAYS_EMBED_SWIFT_STANDARD_LIBRARIES = YES;
				CODE_SIGN_STYLE = Automatic;
				CURRENT_PROJECT_VERSION = 1;
				DEVELOPMENT_TEAM = TTJ8ACNPDZ;
				GENERATE_INFOPLIST_FILE = YES;
				MARKETING_VERSION = 1.0;
				PRODUCT_BUNDLE_IDENTIFIER = Taewoo.IncrementUITests;
				PRODUCT_NAME = "$(TARGET_NAME)";
				SWIFT_EMIT_LOC_STRINGS = NO;
				SWIFT_VERSION = 5.0;
				TARGETED_DEVICE_FAMILY = "1,2";
				TEST_TARGET_NAME = Increment;
			};
			name = Debug;
		};
		3A33E8CA285636FC001FCE3C /* Release */ = {
			isa = XCBuildConfiguration;
			baseConfigurationReference = 5AC95695A1C752CBEB77A3CA /* Pods-Increment-IncrementUITests.release.xcconfig */;
			buildSettings = {
				ALWAYS_EMBED_SWIFT_STANDARD_LIBRARIES = YES;
				CODE_SIGN_STYLE = Automatic;
				CURRENT_PROJECT_VERSION = 1;
				DEVELOPMENT_TEAM = TTJ8ACNPDZ;
				GENERATE_INFOPLIST_FILE = YES;
				MARKETING_VERSION = 1.0;
				PRODUCT_BUNDLE_IDENTIFIER = Taewoo.IncrementUITests;
				PRODUCT_NAME = "$(TARGET_NAME)";
				SWIFT_EMIT_LOC_STRINGS = NO;
				SWIFT_VERSION = 5.0;
				TARGETED_DEVICE_FAMILY = "1,2";
				TEST_TARGET_NAME = Increment;
			};
			name = Release;
		};
/* End XCBuildConfiguration section */

/* Begin XCConfigurationList section */
		3A33E899285636F9001FCE3C /* Build configuration list for PBXProject "Increment" */ = {
			isa = XCConfigurationList;
			buildConfigurations = (
				3A33E8C0285636FC001FCE3C /* Debug */,
				3A33E8C1285636FC001FCE3C /* Release */,
			);
			defaultConfigurationIsVisible = 0;
			defaultConfigurationName = Release;
		};
		3A33E8C2285636FC001FCE3C /* Build configuration list for PBXNativeTarget "Increment" */ = {
			isa = XCConfigurationList;
			buildConfigurations = (
				3A33E8C3285636FC001FCE3C /* Debug */,
				3A33E8C4285636FC001FCE3C /* Release */,
			);
			defaultConfigurationIsVisible = 0;
			defaultConfigurationName = Release;
		};
		3A33E8C5285636FC001FCE3C /* Build configuration list for PBXNativeTarget "IncrementTests" */ = {
			isa = XCConfigurationList;
			buildConfigurations = (
				3A33E8C6285636FC001FCE3C /* Debug */,
				3A33E8C7285636FC001FCE3C /* Release */,
			);
			defaultConfigurationIsVisible = 0;
			defaultConfigurationName = Release;
		};
		3A33E8C8285636FC001FCE3C /* Build configuration list for PBXNativeTarget "IncrementUITests" */ = {
			isa = XCConfigurationList;
			buildConfigurations = (
				3A33E8C9285636FC001FCE3C /* Debug */,
				3A33E8CA285636FC001FCE3C /* Release */,
			);
			defaultConfigurationIsVisible = 0;
			defaultConfigurationName = Release;
		};
/* End XCConfigurationList section */
	};
	rootObject = 3A33E896285636F9001FCE3C /* Project object */;
}
